PODS:
  - Flutter (1.0.0)
  - FlyVerify (13.5.6):
    - FlyVerifyCSDK
  - flyverify_plugin (1.0.1):
    - Flutter
    - FlyVerify
  - FlyVerifyCSDK (0.0.2)

DEPENDENCIES:
  - Flutter (from `Flutter`)
  - flyverify_plugin (from `.symlinks/plugins/flyverify_plugin/ios`)

SPEC REPOS:
  trunk:
    - FlyVerify
    - FlyVerifyCSDK

EXTERNAL SOURCES:
  Flutter:
    :path: Flutter
  flyverify_plugin:
    :path: ".symlinks/plugins/flyverify_plugin/ios"

SPEC CHECKSUMS:
  Flutter: 50d75fe2f02b26cc09d224853bb45737f8b3214a
  FlyVerify: 860aa97ae271683b17aaba361821783aa9facfba
  flyverify_plugin: 7b5c0d19fc1832ff0281d44876a4503dbe0c7a7d
  FlyVerifyCSDK: 69032eccee3a87568519da072eca068e643cb6ab

PODFILE CHECKSUM: 8e679eca47255a8ca8067c4c67aab20e64cb974d

COCOAPODS: 1.13.0
